// !$*UTF8*$!
{
	archiveVersion = 1;
	classes = {
	};
	objectVersion = 48;
	objects = {

/* Begin PBXBuildFile section */
		CA1DA46F202A33B60077CBAB /* ArrayTester.cpp in Sources */ = {isa = PBXBuildFile; fileRef = CA1DA46D202A33B60077CBAB /* ArrayTester.cpp */; };
		CA9A14CD2022438D0047F808 /* Runner.cpp in Sources */ = {isa = PBXBuildFile; fileRef = CA9A14CC2022438D0047F808 /* Runner.cpp */; };
		CA9A14D0202243990047F808 /* Controller.cpp in Sources */ = {isa = PBXBuildFile; fileRef = CA9A14CE202243990047F808 /* Controller.cpp */; };
		CA9A14D5202246CE0047F808 /* Timer.cpp in Sources */ = {isa = PBXBuildFile; fileRef = CA9A14D3202246CE0047F808 /* Timer.cpp */; };
		CA9A14DE20224EB10047F808 /* CrimeData.cpp in Sources */ = {isa = PBXBuildFile; fileRef = CA9A14DC20224EB10047F808 /* CrimeData.cpp */; };
		CA9A14E220224F700047F808 /* FileController.cpp in Sources */ = {isa = PBXBuildFile; fileRef = CA9A14E020224F700047F808 /* FileController.cpp */; };
/* End PBXBuildFile section */

/* Begin PBXCopyFilesBuildPhase section */
		CA9A14C02022434E0047F808 /* CopyFiles */ = {
			isa = PBXCopyFilesBuildPhase;
			buildActionMask = 2147483647;
			dstPath = /usr/share/man/man1/;
			dstSubfolderSpec = 0;
			files = (
			);
			runOnlyForDeploymentPostprocessing = 1;
		};
/* End PBXCopyFilesBuildPhase section */

/* Begin PBXFileReference section */
		CA1DA46D202A33B60077CBAB /* ArrayTester.cpp */ = {isa = PBXFileReference; lastKnownFileType = sourcecode.cpp.cpp; path = ArrayTester.cpp; sourceTree = "<group>"; };
		CA1DA46E202A33B60077CBAB /* ArrayTester.hpp */ = {isa = PBXFileReference; lastKnownFileType = sourcecode.cpp.h; path = ArrayTester.hpp; sourceTree = "<group>"; };
		CA1DA473202A443C0077CBAB /* Node.hpp */ = {isa = PBXFileReference; lastKnownFileType = sourcecode.cpp.h; path = Node.hpp; sourceTree = "<group>"; };
		CA1DA476202A46A30077CBAB /* LinearNode.hpp */ = {isa = PBXFileReference; lastKnownFileType = sourcecode.cpp.h; path = LinearNode.hpp; sourceTree = "<group>"; };
		CA3518B72024EDF500F6D834 /* Array.hpp */ = {isa = PBXFileReference; lastKnownFileType = sourcecode.cpp.h; path = Array.hpp; sourceTree = "<group>"; };
		CA9A14C22022434E0047F808 /* DataStructureProject */ = {isa = PBXFileReference; explicitFileType = "compiled.mach-o.executable"; includeInIndex = 0; path = DataStructureProject; sourceTree = BUILT_PRODUCTS_DIR; };
		CA9A14CC2022438D0047F808 /* Runner.cpp */ = {isa = PBXFileReference; lastKnownFileType = sourcecode.cpp.cpp; path = Runner.cpp; sourceTree = "<group>"; };
		CA9A14CE202243990047F808 /* Controller.cpp */ = {isa = PBXFileReference; lastKnownFileType = sourcecode.cpp.cpp; path = Controller.cpp; sourceTree = "<group>"; };
		CA9A14CF202243990047F808 /* Controller.hpp */ = {isa = PBXFileReference; lastKnownFileType = sourcecode.cpp.h; path = Controller.hpp; sourceTree = "<group>"; };
		CA9A14D3202246CE0047F808 /* Timer.cpp */ = {isa = PBXFileReference; lastKnownFileType = sourcecode.cpp.cpp; path = Timer.cpp; sourceTree = "<group>"; };
		CA9A14D4202246CE0047F808 /* Timer.hpp */ = {isa = PBXFileReference; lastKnownFileType = sourcecode.cpp.h; path = Timer.hpp; sourceTree = "<group>"; };
		CA9A14DB20224EB10047F808 /* crime.csv */ = {isa = PBXFileReference; fileEncoding = 4; lastKnownFileType = text; path = crime.csv; sourceTree = "<group>"; };
		CA9A14DC20224EB10047F808 /* CrimeData.cpp */ = {isa = PBXFileReference; fileEncoding = 4; lastKnownFileType = sourcecode.cpp.cpp; path = CrimeData.cpp; sourceTree = "<group>"; };
		CA9A14DD20224EB10047F808 /* CrimeData.hpp */ = {isa = PBXFileReference; fileEncoding = 4; lastKnownFileType = sourcecode.cpp.h; path = CrimeData.hpp; sourceTree = "<group>"; };
		CA9A14E020224F700047F808 /* FileController.cpp */ = {isa = PBXFileReference; lastKnownFileType = sourcecode.cpp.cpp; path = FileController.cpp; sourceTree = "<group>"; };
		CA9A14E120224F700047F808 /* FileController.hpp */ = {isa = PBXFileReference; lastKnownFileType = sourcecode.cpp.h; path = FileController.hpp; sourceTree = "<group>"; };
		CAC5E414202CE1A800B49CBA /* List.hpp */ = {isa = PBXFileReference; lastKnownFileType = sourcecode.cpp.h; path = List.hpp; sourceTree = "<group>"; };
		CAD6562D203CA25B0053A8B9 /* LinkedList.hpp */ = {isa = PBXFileReference; lastKnownFileType = sourcecode.cpp.h; path = LinkedList.hpp; sourceTree = "<group>"; };
/* End PBXFileReference section */

/* Begin PBXFrameworksBuildPhase section */
		CA9A14BF2022434E0047F808 /* Frameworks */ = {
			isa = PBXFrameworksBuildPhase;
			buildActionMask = 2147483647;
			files = (
			);
			runOnlyForDeploymentPostprocessing = 0;
		};
/* End PBXFrameworksBuildPhase section */

/* Begin PBXGroup section */
		CA1DA46C202A33830077CBAB /* Testers */ = {
			isa = PBXGroup;
			children = (
				CA1DA46E202A33B60077CBAB /* ArrayTester.hpp */,
			);
			path = Testers;
			sourceTree = "<group>";
		};
		CA1DA470202A41C70077CBAB /* Linear */ = {
			isa = PBXGroup;
			children = (
				CAD6562D203CA25B0053A8B9 /* LinkedList.hpp */,
			);
			path = Linear;
			sourceTree = "<group>";
		};
		CA1DA471202A41D60077CBAB /* Nodes */ = {
			isa = PBXGroup;
			children = (
				CA1DA473202A443C0077CBAB /* Node.hpp */,
				CA1DA476202A46A30077CBAB /* LinearNode.hpp */,
			);
			path = Nodes;
			sourceTree = "<group>";
		};
		CA3518B42024ED5500F6D834 /* Model */ = {
			isa = PBXGroup;
			children = (
				CA3518B52024EDDA00F6D834 /* Structures */,
				CA1DA471202A41D60077CBAB /* Nodes */,
			);
			path = Model;
			sourceTree = "<group>";
		};
		CA3518B52024EDDA00F6D834 /* Structures */ = {
			isa = PBXGroup;
			children = (
				CA1DA470202A41C70077CBAB /* Linear */,
				CA3518B72024EDF500F6D834 /* Array.hpp */,
				CAC5E414202CE1A800B49CBA /* List.hpp */,
			);
			path = Structures;
			sourceTree = "<group>";
		};
		CA9A14B92022434E0047F808 = {
			isa = PBXGroup;
			children = (
				CA9A14C42022434E0047F808 /* DataStructureProject */,
				CA9A14C32022434E0047F808 /* Products */,
				CA1DA46D202A33B60077CBAB /* ArrayTester.cpp */,
			);
			sourceTree = "<group>";
		};
		CA9A14C32022434E0047F808 /* Products */ = {
			isa = PBXGroup;
			children = (
				CA9A14C22022434E0047F808 /* DataStructureProject */,
			);
			name = Products;
			sourceTree = "<group>";
		};
		CA9A14C42022434E0047F808 /* DataStructureProject */ = {
			isa = PBXGroup;
			children = (
				CA9A14CC2022438D0047F808 /* Runner.cpp */,
				CA9A14D12022442E0047F808 /* Controller */,
				CA9A14DA20224E730047F808 /* Data */,
				CA3518B42024ED5500F6D834 /* Model */,
				CA1DA46C202A33830077CBAB /* Testers */,
			);
			path = DataStructureProject;
			sourceTree = "<group>";
		};
		CA9A14D12022442E0047F808 /* Controller */ = {
			isa = PBXGroup;
			children = (
				CA9A14D2202246AB0047F808 /* Tools */,
				CA9A14E020224F700047F808 /* FileController.cpp */,
				CA9A14E120224F700047F808 /* FileController.hpp */,
				CA9A14CE202243990047F808 /* Controller.cpp */,
				CA9A14CF202243990047F808 /* Controller.hpp */,
			);
			path = Controller;
			sourceTree = "<group>";
		};
		CA9A14D2202246AB0047F808 /* Tools */ = {
			isa = PBXGroup;
			children = (
				CA9A14D3202246CE0047F808 /* Timer.cpp */,
				CA9A14D4202246CE0047F808 /* Timer.hpp */,
			);
			path = Tools;
			sourceTree = "<group>";
		};
		CA9A14DA20224E730047F808 /* Data */ = {
			isa = PBXGroup;
			children = (
				CA9A14DB20224EB10047F808 /* crime.csv */,
				CA9A14DC20224EB10047F808 /* CrimeData.cpp */,
				CA9A14DD20224EB10047F808 /* CrimeData.hpp */,
			);
			path = Data;
			sourceTree = "<group>";
		};
/* End PBXGroup section */

/* Begin PBXNativeTarget section */
		CA9A14C12022434E0047F808 /* DataStructureProject */ = {
			isa = PBXNativeTarget;
			buildConfigurationList = CA9A14C92022434E0047F808 /* Build configuration list for PBXNativeTarget "DataStructureProject" */;
			buildPhases = (
				CA9A14BE2022434E0047F808 /* Sources */,
				CA9A14BF2022434E0047F808 /* Frameworks */,
				CA9A14C02022434E0047F808 /* CopyFiles */,
			);
			buildRules = (
			);
			dependencies = (
			);
			name = DataStructureProject;
			productName = DataStructureProject;
			productReference = CA9A14C22022434E0047F808 /* DataStructureProject */;
			productType = "com.apple.product-type.tool";
		};
/* End PBXNativeTarget section */

/* Begin PBXProject section */
		CA9A14BA2022434E0047F808 /* Project object */ = {
			isa = PBXProject;
			attributes = {
				LastUpgradeCheck = 0900;
				ORGANIZATIONNAME = CTEC;
				TargetAttributes = {
					CA9A14C12022434E0047F808 = {
						CreatedOnToolsVersion = 9.0;
						ProvisioningStyle = Automatic;
					};
				};
			};
			buildConfigurationList = CA9A14BD2022434E0047F808 /* Build configuration list for PBXProject "DataStructureProject" */;
			compatibilityVersion = "Xcode 8.0";
			developmentRegion = en;
			hasScannedForEncodings = 0;
			knownRegions = (
				en,
			);
			mainGroup = CA9A14B92022434E0047F808;
			productRefGroup = CA9A14C32022434E0047F808 /* Products */;
			projectDirPath = "";
			projectRoot = "";
			targets = (
				CA9A14C12022434E0047F808 /* DataStructureProject */,
			);
		};
/* End PBXProject section */

/* Begin PBXSourcesBuildPhase section */
		CA9A14BE2022434E0047F808 /* Sources */ = {
			isa = PBXSourcesBuildPhase;
			buildActionMask = 2147483647;
			files = (
				CA9A14DE20224EB10047F808 /* CrimeData.cpp in Sources */,
				CA9A14D5202246CE0047F808 /* Timer.cpp in Sources */,
				CA9A14E220224F700047F808 /* FileController.cpp in Sources */,
				CA9A14D0202243990047F808 /* Controller.cpp in Sources */,
				CA1DA46F202A33B60077CBAB /* ArrayTester.cpp in Sources */,
				CA9A14CD2022438D0047F808 /* Runner.cpp in Sources */,
			);
			runOnlyForDeploymentPostprocessing = 0;
		};
/* End PBXSourcesBuildPhase section */

/* Begin XCBuildConfiguration section */
		CA9A14C72022434E0047F808 /* Debug */ = {
			isa = XCBuildConfiguration;
			buildSettings = {
				ALWAYS_SEARCH_USER_PATHS = NO;
				CLANG_ANALYZER_NONNULL = YES;
				CLANG_ANALYZER_NUMBER_OBJECT_CONVERSION = YES_AGGRESSIVE;
				CLANG_CXX_LANGUAGE_STANDARD = "gnu++14";
				CLANG_CXX_LIBRARY = "libc++";
				CLANG_ENABLE_MODULES = YES;
				CLANG_ENABLE_OBJC_ARC = YES;
				CLANG_WARN_BLOCK_CAPTURE_AUTORELEASING = YES;
				CLANG_WARN_BOOL_CONVERSION = YES;
				CLANG_WARN_COMMA = YES;
				CLANG_WARN_CONSTANT_CONVERSION = YES;
				CLANG_WARN_DIRECT_OBJC_ISA_USAGE = YES_ERROR;
				CLANG_WARN_DOCUMENTATION_COMMENTS = YES;
				CLANG_WARN_EMPTY_BODY = YES;
				CLANG_WARN_ENUM_CONVERSION = YES;
				CLANG_WARN_INFINITE_RECURSION = YES;
				CLANG_WARN_INT_CONVERSION = YES;
				CLANG_WARN_NON_LITERAL_NULL_CONVERSION = YES;
				CLANG_WARN_OBJC_LITERAL_CONVERSION = YES;
				CLANG_WARN_OBJC_ROOT_CLASS = YES_ERROR;
				CLANG_WARN_RANGE_LOOP_ANALYSIS = YES;
				CLANG_WARN_STRICT_PROTOTYPES = YES;
				CLANG_WARN_SUSPICIOUS_MOVE = YES;
				CLANG_WARN_UNGUARDED_AVAILABILITY = YES_AGGRESSIVE;
				CLANG_WARN_UNREACHABLE_CODE = YES;
				CLANG_WARN__DUPLICATE_METHOD_MATCH = YES;
				CODE_SIGN_IDENTITY = "-";
				COPY_PHASE_STRIP = NO;
				DEBUG_INFORMATION_FORMAT = dwarf;
				ENABLE_STRICT_OBJC_MSGSEND = YES;
				ENABLE_TESTABILITY = YES;
				GCC_C_LANGUAGE_STANDARD = gnu11;
				GCC_DYNAMIC_NO_PIC = NO;
				GCC_NO_COMMON_BLOCKS = YES;
				GCC_OPTIMIZATION_LEVEL = 0;
				GCC_PREPROCESSOR_DEFINITIONS = (
					"DEBUG=1",
					"$(inherited)",
				);
				GCC_WARN_64_TO_32_BIT_CONVERSION = YES;
				GCC_WARN_ABOUT_RETURN_TYPE = YES_ERROR;
				GCC_WARN_UNDECLARED_SELECTOR = YES;
				GCC_WARN_UNINITIALIZED_AUTOS = YES_AGGRESSIVE;
				GCC_WARN_UNUSED_FUNCTION = YES;
				GCC_WARN_UNUSED_VARIABLE = YES;
				MACOSX_DEPLOYMENT_TARGET = 10.12;
				MTL_ENABLE_DEBUG_INFO = YES;
				ONLY_ACTIVE_ARCH = YES;
				SDKROOT = macosx;
			};
			name = Debug;
		};
		CA9A14C82022434E0047F808 /* Release */ = {
			isa = XCBuildConfiguration;
			buildSettings = {
				ALWAYS_SEARCH_USER_PATHS = NO;
				CLANG_ANALYZER_NONNULL = YES;
				CLANG_ANALYZER_NUMBER_OBJECT_CONVERSION = YES_AGGRESSIVE;
				CLANG_CXX_LANGUAGE_STANDARD = "gnu++14";
				CLANG_CXX_LIBRARY = "libc++";
				CLANG_ENABLE_MODULES = YES;
				CLANG_ENABLE_OBJC_ARC = YES;
				CLANG_WARN_BLOCK_CAPTURE_AUTORELEASING = YES;
				CLANG_WARN_BOOL_CONVERSION = YES;
				CLANG_WARN_COMMA = YES;
				CLANG_WARN_CONSTANT_CONVERSION = YES;
				CLANG_WARN_DIRECT_OBJC_ISA_USAGE = YES_ERROR;
				CLANG_WARN_DOCUMENTATION_COMMENTS = YES;
				CLANG_WARN_EMPTY_BODY = YES;
				CLANG_WARN_ENUM_CONVERSION = YES;
				CLANG_WARN_INFINITE_RECURSION = YES;
				CLANG_WARN_INT_CONVERSION = YES;
				CLANG_WARN_NON_LITERAL_NULL_CONVERSION = YES;
				CLANG_WARN_OBJC_LITERAL_CONVERSION = YES;
				CLANG_WARN_OBJC_ROOT_CLASS = YES_ERROR;
				CLANG_WARN_RANGE_LOOP_ANALYSIS = YES;
				CLANG_WARN_STRICT_PROTOTYPES = YES;
				CLANG_WARN_SUSPICIOUS_MOVE = YES;
				CLANG_WARN_UNGUARDED_AVAILABILITY = YES_AGGRESSIVE;
				CLANG_WARN_UNREACHABLE_CODE = YES;
				CLANG_WARN__DUPLICATE_METHOD_MATCH = YES;
				CODE_SIGN_IDENTITY = "-";
				COPY_PHASE_STRIP = NO;
				DEBUG_INFORMATION_FORMAT = "dwarf-with-dsym";
				ENABLE_NS_ASSERTIONS = NO;
				ENABLE_STRICT_OBJC_MSGSEND = YES;
				GCC_C_LANGUAGE_STANDARD = gnu11;
				GCC_NO_COMMON_BLOCKS = YES;
				GCC_WARN_64_TO_32_BIT_CONVERSION = YES;
				GCC_WARN_ABOUT_RETURN_TYPE = YES_ERROR;
				GCC_WARN_UNDECLARED_SELECTOR = YES;
				GCC_WARN_UNINITIALIZED_AUTOS = YES_AGGRESSIVE;
				GCC_WARN_UNUSED_FUNCTION = YES;
				GCC_WARN_UNUSED_VARIABLE = YES;
				MACOSX_DEPLOYMENT_TARGET = 10.12;
				MTL_ENABLE_DEBUG_INFO = NO;
				SDKROOT = macosx;
			};
			name = Release;
		};
		CA9A14CA2022434E0047F808 /* Debug */ = {
			isa = XCBuildConfiguration;
			buildSettings = {
				CODE_SIGN_STYLE = Automatic;
				PRODUCT_NAME = "$(TARGET_NAME)";
			};
			name = Debug;
		};
		CA9A14CB2022434E0047F808 /* Release */ = {
			isa = XCBuildConfiguration;
			buildSettings = {
				CODE_SIGN_STYLE = Automatic;
				PRODUCT_NAME = "$(TARGET_NAME)";
			};
			name = Release;
		};
/* End XCBuildConfiguration section */

/* Begin XCConfigurationList section */
		CA9A14BD2022434E0047F808 /* Build configuration list for PBXProject "DataStructureProject" */ = {
			isa = XCConfigurationList;
			buildConfigurations = (
				CA9A14C72022434E0047F808 /* Debug */,
				CA9A14C82022434E0047F808 /* Release */,
			);
			defaultConfigurationIsVisible = 0;
			defaultConfigurationName = Release;
		};
		CA9A14C92022434E0047F808 /* Build configuration list for PBXNativeTarget "DataStructureProject" */ = {
			isa = XCConfigurationList;
			buildConfigurations = (
				CA9A14CA2022434E0047F808 /* Debug */,
				CA9A14CB2022434E0047F808 /* Release */,
			);
			defaultConfigurationIsVisible = 0;
			defaultConfigurationName = Release;
		};
/* End XCConfigurationList section */
	};
	rootObject = CA9A14BA2022434E0047F808 /* Project object */;
}
